
Microsoft Visual Studio Solution File, Format Version 12.00
# Visual Studio Version 17
VisualStudioVersion = 17.5.33530.505
MinimumVisualStudioVersion = 10.0.40219.1
Project("{9A19103F-16F7-4668-BE54-9A1E7A4F7556}") = "Client", "..\Client\Client.csproj", "{EC7644BC-4751-4674-A6C9-DF876B4F5C8E}"
EndProject
Project("{9A19103F-16F7-4668-BE54-9A1E7A4F7556}") = "Models", "..\Models\Models.csproj", "{A88D85F6-813A-45AE-A8EE-DC5278E38665}"
EndProject
Project("{9A19103F-16F7-4668-BE54-9A1E7A4F7556}") = "Service", "..\Service\Service.csproj", "{33BBE86B-C6A5-49EB-8BE3-615160A098E9}"
EndProject
Project("{FAE04EC0-301F-11D3-BF4B-00C04F79EFBC}") = "Viewer", "Viewer\Viewer.csproj", "{45DC2C81-4E7B-43A5-BB24-F2FCB53B9425}"
EndProject
Global
	GlobalSection(SolutionConfigurationPlatforms) = preSolution
		Debug|Any CPU = Debug|Any CPU
		Release|Any CPU = Release|Any CPU
	EndGlobalSection
	GlobalSection(ProjectConfigurationPlatforms) = postSolution
		{EC7644BC-4751-4674-A6C9-DF876B4F5C8E}.Debug|Any CPU.ActiveCfg = Debug|Any CPU
		{EC7644BC-4751-4674-A6C9-DF876B4F5C8E}.Debug|Any CPU.Build.0 = Debug|Any CPU
		{EC7644BC-4751-4674-A6C9-DF876B4F5C8E}.Release|Any CPU.ActiveCfg = Release|Any CPU
		{EC7644BC-4751-4674-A6C9-DF876B4F5C8E}.Release|Any CPU.Build.0 = Release|Any CPU
		{A88D85F6-813A-45AE-A8EE-DC5278E38665}.Debug|Any CPU.ActiveCfg = Debug|Any CPU
		{A88D85F6-813A-45AE-A8EE-DC5278E38665}.Debug|Any CPU.Build.0 = Debug|Any CPU
		{A88D85F6-813A-45AE-A8EE-DC5278E38665}.Release|Any CPU.ActiveCfg = Release|Any CPU
		{A88D85F6-813A-45AE-A8EE-DC5278E38665}.Release|Any CPU.Build.0 = Release|Any CPU
		{33BBE86B-C6A5-49EB-8BE3-615160A098E9}.Debug|Any CPU.ActiveCfg = Debug|Any CPU
		{33BBE86B-C6A5-49EB-8BE3-615160A098E9}.Debug|Any CPU.Build.0 = Debug|Any CPU
		{33BBE86B-C6A5-49EB-8BE3-615160A098E9}.Release|Any CPU.ActiveCfg = Release|Any CPU
		{33BBE86B-C6A5-49EB-8BE3-615160A098E9}.Release|Any CPU.Build.0 = Release|Any CPU
		{45DC2C81-4E7B-43A5-BB24-F2FCB53B9425}.Debug|Any CPU.ActiveCfg = Debug|Any CPU
		{45DC2C81-4E7B-43A5-BB24-F2FCB53B9425}.Debug|Any CPU.Build.0 = Debug|Any CPU
		{45DC2C81-4E7B-43A5-BB24-F2FCB53B9425}.Release|Any CPU.ActiveCfg = Release|Any CPU
		{45DC2C81-4E7B-43A5-BB24-F2FCB53B9425}.Release|Any CPU.Build.0 = Release|Any CPU
	EndGlobalSection
	GlobalSection(SolutionProperties) = preSolution
		HideSolutionNode = FALSE
	EndGlobalSection
	GlobalSection(ExtensibilityGlobals) = postSolution
		SolutionGuid = {B7888815-ED7D-4AF3-B77F-F92CA30CF92A}
	EndGlobalSection
EndGlobal
